dependencies:
- name: postgresql
  repository: https://charts.bitnami.com/bitnami
  version: 12.12.10
- name: rabbitmq
  repository: https://charts.bitnami.com/bitnami
  version: 14.7.0
- name: elasticsearch
  repository: https://helm.elastic.co
  version: 7.17.3
digest: sha256:0bb531afcefc15838ece4fe79b167cf40f26dc47db7634122d504a2a1dbdcf01
generated: "2025-08-13T12:22:05.698607+02:00"
