dependencies:
- name: postgresql
  repository: https://charts.bitnami.com/bitnami
  version: 12.12.10
- name: rabbitmq
  repository: https://charts.bitnami.com/bitnami
  version: 14.7.0
- name: elasticsearch
  repository: https://helm.elastic.co
  version: 7.17.3
digest: sha256:f813a15a69aa48d8b64acb7870f43fdc183a1fc6dcb8262c5a378fcb53f96636
generated: "2025-03-28T11:59:11.56434+01:00"
