dependencies:
- name: postgresql
  repository: https://charts.bitnami.com/bitnami
  version: 10.9.1
- name: elasticsearch
  repository: https://helm.elastic.co
  version: 7.14.0
digest: sha256:e17d4ea6b514db35411eb0135d2219438a38737bb78a3f255c106ddd4cf13be8
generated: "2021-08-11T11:13:34.779421+02:00"
